
Microsoft Visual Studio Solution File, Format Version 12.00
# Visual Studio Version 16
VisualStudioVersion = 16.0.29521.150
MinimumVisualStudioVersion = 10.0.40219.1
Project("{9A19103F-16F7-4668-BE54-9A1E7A4F7556}") = "Kata", "Kata\Kata.csproj", "{265A927D-3801-4213-AAC8-53CA10523890}"
EndProject
Project("{9A19103F-16F7-4668-BE54-9A1E7A4F7556}") = "KataTests", "KataTests\KataTests.csproj", "{51FCB87E-58F2-4C06-A9CC-E234F7B752D3}"
EndProject
Global
	GlobalSection(SolutionConfigurationPlatforms) = preSolution
		Debug|Any CPU = Debug|Any CPU
		Release|Any CPU = Release|Any CPU
	EndGlobalSection
	GlobalSection(ProjectConfigurationPlatforms) = postSolution
		{265A927D-3801-4213-AAC8-53CA10523890}.Debug|Any CPU.ActiveCfg = Debug|Any CPU
		{265A927D-3801-4213-AAC8-53CA10523890}.Debug|Any CPU.Build.0 = Debug|Any CPU
		{265A927D-3801-4213-AAC8-53CA10523890}.Release|Any CPU.ActiveCfg = Release|Any CPU
		{265A927D-3801-4213-AAC8-53CA10523890}.Release|Any CPU.Build.0 = Release|Any CPU
		{51FCB87E-58F2-4C06-A9CC-E234F7B752D3}.Debug|Any CPU.ActiveCfg = Debug|Any CPU
		{51FCB87E-58F2-4C06-A9CC-E234F7B752D3}.Debug|Any CPU.Build.0 = Debug|Any CPU
		{51FCB87E-58F2-4C06-A9CC-E234F7B752D3}.Release|Any CPU.ActiveCfg = Release|Any CPU
		{51FCB87E-58F2-4C06-A9CC-E234F7B752D3}.Release|Any CPU.Build.0 = Release|Any CPU
	EndGlobalSection
	GlobalSection(SolutionProperties) = preSolution
		HideSolutionNode = FALSE
	EndGlobalSection
	GlobalSection(ExtensibilityGlobals) = postSolution
		SolutionGuid = {7FFDD22E-28CC-4437-B5CB-FC91330BFE6C}
	EndGlobalSection
EndGlobal
